lockfileVersion: '9.0'

settings:
  autoInstallPeers: true
  excludeLinksFromLockfile: false

importers:

  .:
    devDependencies:
      '@timonteutelink/template-types-lib':
        specifier: 0.0.20
        version: 0.0.20
      zod:
        specifier: ^3.24.2
        version: 3.24.2

packages:

  '@timonteutelink/template-types-lib@0.0.20':
    resolution: {integrity: sha512-sCktAxGnIy+HefzmiwtrwmKlJwIjmtfnJDT192bZZLjB+sCIoENiFY6psKkUlkQPtxdaQtQ7MmVvMMB3gBbd/A==}

  zod@3.24.2:
    resolution: {integrity: sha512-lY7CDW43ECgW9u1TcT3IoXHflywfVqDYze4waEz812jR/bZ8FHDsl7pFQoSZTz5N+2NqRXs8GBwnAwo3ZNxqhQ==}

snapshots:

  '@timonteutelink/template-types-lib@0.0.20':
    dependencies:
      zod: 3.24.2

  zod@3.24.2: {}
