lockfileVersion: '9.0'

settings:
  autoInstallPeers: true
  excludeLinksFromLockfile: false

importers:

  .:
    devDependencies:
      '@timonteutelink/template-types-lib':
        specifier: 0.0.25
        version: 0.0.25
      zod:
        specifier: ^3.24.2
        version: 3.24.2

packages:

  '@timonteutelink/template-types-lib@0.0.25':
    resolution: {integrity: sha512-DnTH3Byr7U7f3GuUr9eCl0rQ5n5TNtrIluuN1Zsz9N432jHjc6eKXgvGYmk15yCqH8mUA7+Vhaw9ea2qvgMU0Q==}

  zod@3.24.2:
    resolution: {integrity: sha512-lY7CDW43ECgW9u1TcT3IoXHflywfVqDYze4waEz812jR/bZ8FHDsl7pFQoSZTz5N+2NqRXs8GBwnAwo3ZNxqhQ==}

snapshots:

  '@timonteutelink/template-types-lib@0.0.25':
    dependencies:
      zod: 3.24.2

  zod@3.24.2: {}
